
Microsoft Visual Studio Solution File, Format Version 12.00
# Visual Studio Version 16
VisualStudioVersion = 16.0.29728.190
MinimumVisualStudioVersion = 10.0.40219.1
Project("{FAE04EC0-301F-11D3-BF4B-00C04F79EFBC}") = "SunamoXlf", "SunamoXlf\SunamoXlf.csproj", "{F1D92564-974C-48E0-91EA-8E6B5654AD01}"
EndProject
Global
	GlobalSection(SolutionConfigurationPlatforms) = preSolution
		Debug|Any CPU = Debug|Any CPU
		Release|Any CPU = Release|Any CPU
	EndGlobalSection
	GlobalSection(ProjectConfigurationPlatforms) = postSolution
		{F1D92564-974C-48E0-91EA-8E6B5654AD01}.Debug|Any CPU.ActiveCfg = Debug|Any CPU
		{F1D92564-974C-48E0-91EA-8E6B5654AD01}.Debug|Any CPU.Build.0 = Debug|Any CPU
		{F1D92564-974C-48E0-91EA-8E6B5654AD01}.Release|Any CPU.ActiveCfg = Release|Any CPU
		{F1D92564-974C-48E0-91EA-8E6B5654AD01}.Release|Any CPU.Build.0 = Release|Any CPU
	EndGlobalSection
	GlobalSection(SolutionProperties) = preSolution
		HideSolutionNode = FALSE
	EndGlobalSection
	GlobalSection(ExtensibilityGlobals) = postSolution
		SolutionGuid = {FEBD970C-FDAC-4A14-B2AD-1E203AF4190D}
	EndGlobalSection
EndGlobal
